
Microsoft Visual Studio Solution File, Format Version 12.00
# Visual Studio Version 16
VisualStudioVersion = 16.0.30225.117
MinimumVisualStudioVersion = 10.0.40219.1
Project("{FAE04EC0-301F-11D3-BF4B-00C04F79EFBC}") = "ClientServerLib", "ClientServerLib.csproj", "{DD0EA5BF-764D-4876-B61B-B938B43DB0B8}"
EndProject
Global
	GlobalSection(SolutionConfigurationPlatforms) = preSolution
		Debug|Any CPU = Debug|Any CPU
		Release|Any CPU = Release|Any CPU
	EndGlobalSection
	GlobalSection(ProjectConfigurationPlatforms) = postSolution
		{DD0EA5BF-764D-4876-B61B-B938B43DB0B8}.Debug|Any CPU.ActiveCfg = Debug|Any CPU
		{DD0EA5BF-764D-4876-B61B-B938B43DB0B8}.Debug|Any CPU.Build.0 = Debug|Any CPU
		{DD0EA5BF-764D-4876-B61B-B938B43DB0B8}.Release|Any CPU.ActiveCfg = Release|Any CPU
		{DD0EA5BF-764D-4876-B61B-B938B43DB0B8}.Release|Any CPU.Build.0 = Release|Any CPU
	EndGlobalSection
	GlobalSection(SolutionProperties) = preSolution
		HideSolutionNode = FALSE
	EndGlobalSection
	GlobalSection(ExtensibilityGlobals) = postSolution
		SolutionGuid = {637D659B-8F09-4119-B3AE-A15730F87C9A}
	EndGlobalSection
EndGlobal
